
Microsoft Visual Studio Solution File, Format Version 12.00
# Visual Studio Version 17
VisualStudioVersion = 17.9.34728.123
MinimumVisualStudioVersion = 10.0.40219.1
Project("{FAE04EC0-301F-11D3-BF4B-00C04F79EFBC}") = "EventSourcing", "EventSourcing.csproj", "{E7E115A9-0798-4C41-9869-9959D2C00C6B}"
EndProject
Project("{2150E333-8FDC-42A3-9474-1A3956D46DE8}") = "Shared", "Shared", "{AC371B25-ED7D-4CA8-B20A-74E6A3623914}"
EndProject
Project("{9A19103F-16F7-4668-BE54-9A1E7A4F7556}") = "EventSourcingDemo.Shared", "EventSourcingDemo.Shared\EventSourcingDemo.Shared.csproj", "{85DE2D54-3D6E-4880-8D11-99F81C3EEDB7}"
EndProject
Project("{2150E333-8FDC-42A3-9474-1A3956D46DE8}") = "Staff.Domain", "Staff.Domain", "{1AA6D929-FD64-4E9C-B6EC-1AEEB8303C37}"
EndProject
Project("{9A19103F-16F7-4668-BE54-9A1E7A4F7556}") = "EventSourcingDemo.Staff.Domain", "EventSourcingDemo.Staff.Domain\EventSourcingDemo.Staff.Domain.csproj", "{C35620E4-2199-4FCD-8BBC-8ACF23FA5EA0}"
EndProject
Project("{2150E333-8FDC-42A3-9474-1A3956D46DE8}") = "Staff.Infra", "Staff.Infra", "{8E0D8C5E-7760-48D4-8A8E-146567CD99BF}"
EndProject
Project("{9A19103F-16F7-4668-BE54-9A1E7A4F7556}") = "EventSourcingDemo.Staff.Infra", "EventSourcingDemo.Staff.Infra\EventSourcingDemo.Staff.Infra.csproj", "{395AB81C-CDDB-4BC4-BDD0-B4CEA921FADB}"
EndProject
Project("{FAE04EC0-301F-11D3-BF4B-00C04F79EFBC}") = "EventSourcingDemo.Staff.API", "EventSourcingDemo.Staff.API\EventSourcingDemo.Staff.API.csproj", "{2D820840-23B5-44BC-8D65-21C71B392455}"
EndProject
Global
	GlobalSection(SolutionConfigurationPlatforms) = preSolution
		Debug|Any CPU = Debug|Any CPU
		Release|Any CPU = Release|Any CPU
	EndGlobalSection
	GlobalSection(ProjectConfigurationPlatforms) = postSolution
		{E7E115A9-0798-4C41-9869-9959D2C00C6B}.Debug|Any CPU.ActiveCfg = Debug|Any CPU
		{E7E115A9-0798-4C41-9869-9959D2C00C6B}.Debug|Any CPU.Build.0 = Debug|Any CPU
		{E7E115A9-0798-4C41-9869-9959D2C00C6B}.Release|Any CPU.ActiveCfg = Release|Any CPU
		{E7E115A9-0798-4C41-9869-9959D2C00C6B}.Release|Any CPU.Build.0 = Release|Any CPU
		{85DE2D54-3D6E-4880-8D11-99F81C3EEDB7}.Debug|Any CPU.ActiveCfg = Debug|Any CPU
		{85DE2D54-3D6E-4880-8D11-99F81C3EEDB7}.Debug|Any CPU.Build.0 = Debug|Any CPU
		{85DE2D54-3D6E-4880-8D11-99F81C3EEDB7}.Release|Any CPU.ActiveCfg = Release|Any CPU
		{85DE2D54-3D6E-4880-8D11-99F81C3EEDB7}.Release|Any CPU.Build.0 = Release|Any CPU
		{C35620E4-2199-4FCD-8BBC-8ACF23FA5EA0}.Debug|Any CPU.ActiveCfg = Debug|Any CPU
		{C35620E4-2199-4FCD-8BBC-8ACF23FA5EA0}.Debug|Any CPU.Build.0 = Debug|Any CPU
		{C35620E4-2199-4FCD-8BBC-8ACF23FA5EA0}.Release|Any CPU.ActiveCfg = Release|Any CPU
		{C35620E4-2199-4FCD-8BBC-8ACF23FA5EA0}.Release|Any CPU.Build.0 = Release|Any CPU
		{395AB81C-CDDB-4BC4-BDD0-B4CEA921FADB}.Debug|Any CPU.ActiveCfg = Debug|Any CPU
		{395AB81C-CDDB-4BC4-BDD0-B4CEA921FADB}.Debug|Any CPU.Build.0 = Debug|Any CPU
		{395AB81C-CDDB-4BC4-BDD0-B4CEA921FADB}.Release|Any CPU.ActiveCfg = Release|Any CPU
		{395AB81C-CDDB-4BC4-BDD0-B4CEA921FADB}.Release|Any CPU.Build.0 = Release|Any CPU
		{2D820840-23B5-44BC-8D65-21C71B392455}.Debug|Any CPU.ActiveCfg = Debug|Any CPU
		{2D820840-23B5-44BC-8D65-21C71B392455}.Debug|Any CPU.Build.0 = Debug|Any CPU
		{2D820840-23B5-44BC-8D65-21C71B392455}.Release|Any CPU.ActiveCfg = Release|Any CPU
		{2D820840-23B5-44BC-8D65-21C71B392455}.Release|Any CPU.Build.0 = Release|Any CPU
	EndGlobalSection
	GlobalSection(SolutionProperties) = preSolution
		HideSolutionNode = FALSE
	EndGlobalSection
	GlobalSection(NestedProjects) = preSolution
		{85DE2D54-3D6E-4880-8D11-99F81C3EEDB7} = {AC371B25-ED7D-4CA8-B20A-74E6A3623914}
		{C35620E4-2199-4FCD-8BBC-8ACF23FA5EA0} = {1AA6D929-FD64-4E9C-B6EC-1AEEB8303C37}
		{395AB81C-CDDB-4BC4-BDD0-B4CEA921FADB} = {8E0D8C5E-7760-48D4-8A8E-146567CD99BF}
	EndGlobalSection
	GlobalSection(ExtensibilityGlobals) = postSolution
		SolutionGuid = {D888969E-3591-4198-9AD4-81DA9F014D55}
	EndGlobalSection
EndGlobal
